// !$*UTF8*$!
{
	archiveVersion = 1;
	classes = {
	};
	objectVersion = 56;
	objects = {

/* Begin PBXBuildFile section */
		F4E085095D874B0AAA71D3DE /* JobPreference.swift in Sources */ = {isa = PBXBuildFile; fileRef = 4FCFF7F0BFD1427F84368F02 /* JobPreference.swift */; };
		8B8FD69992974F80A7E430D3 /* JobPreferenceView.swift in Sources */ = {isa = PBXBuildFile; fileRef = 6A40F6C329904FF09DBF79C0 /* JobPreferenceView.swift */; };
		1074C0B7783A4B299489224A /* SupabaseService.swift in Sources */ = {isa = PBXBuildFile; fileRef = 77B9A7C216B54951AE87DE8A /* SupabaseService.swift */; };
		990E4AF5731847A6AE69986B /* UserProfile.swift in Sources */ = {isa = PBXBuildFile; fileRef = 258AD9D9E70743AB83B9C179 /* UserProfile.swift */; };
		069ECA5D75D04633935CC7E6 /* AuthViewModel.swift in Sources */ = {isa = PBXBuildFile; fileRef = 35C1EBBA7E4E40AC8B080ACA /* AuthViewModel.swift */; };
		4EDC762E517C440380116D54 /* GoogleSignInManager.swift in Sources */ = {isa = PBXBuildFile; fileRef = 43DFF19297154B2F9821ECA5 /* GoogleSignInManager.swift */; };
		53813F4F6B634161A6B14BFE /* MainTabView.swift in Sources */ = {isa = PBXBuildFile; fileRef = FD326BCED413411ABD86B0B2 /* MainTabView.swift */; };
		8A619B73EDA044A18977A8A0 /* ContentView.swift in Sources */ = {isa = PBXBuildFile; fileRef = BA3D5120CCC2493A897A7C44 /* ContentView.swift */; };
		8E49345F19BB471DA4E82314 /* SignInView.swift in Sources */ = {isa = PBXBuildFile; fileRef = C8977FD64AE64C93A49D7956 /* SignInView.swift */; };
		905CEA12017C42B889C5C195 /* OnboardingView.swift in Sources */ = {isa = PBXBuildFile; fileRef = 6F07E5BD749F427692C16CFE /* OnboardingView.swift */; };
		A857C92BB3C4470AA8C77B3E /* ColorExtension.swift in Sources */ = {isa = PBXBuildFile; fileRef = 2696D9FE960A4EDCADFFD24D /* ColorExtension.swift */; };
		BAD136C1CDC1491B876C1584 /* StartupApp.swift in Sources */ = {isa = PBXBuildFile; fileRef = 17447535736E4C118F574ECD /* StartupApp.swift */; };
		DDD47DEFE149401AA4AA3285 /* ProfileView.swift in Sources */ = {isa = PBXBuildFile; fileRef = 8C99045837274F2DA9156887 /* ProfileView.swift */; };
		AA000011 /* Job_swift in Sources */ = {isa = PBXBuildFile; fileRef = AA000010 /* Job_swift */; };
				AA000013 /* SavedJobsStore_swift in Sources */ = {isa = PBXBuildFile; fileRef = AA000012 /* SavedJobsStore_swift */; };
				AA000021 /* ConnectedPortalsStore_swift in Sources */ = {isa = PBXBuildFile; fileRef = AA000020 /* ConnectedPortalsStore_swift */; };
				AA000023 /* PortalLoginView_swift in Sources */ = {isa = PBXBuildFile; fileRef = AA000022 /* PortalLoginView_swift */; };
				AA000015 /* JobFeedViewModel_swift in Sources */ = {isa = PBXBuildFile; fileRef = AA000014 /* JobFeedViewModel_swift */; };
				AA000017 /* JobFeedView_swift in Sources */ = {isa = PBXBuildFile; fileRef = AA000016 /* JobFeedView_swift */; };
				AA000019 /* JobWebView_swift in Sources */ = {isa = PBXBuildFile; fileRef = AA000018 /* JobWebView_swift */; };
		/* End PBXBuildFile section */

/* Begin PBXFileReference section */
		4FCFF7F0BFD1427F84368F02 /* JobPreference.swift */ = {isa = PBXFileReference; lastKnownFileType = sourcecode.swift; name = "JobPreference.swift"; path = "StartupApp/Models/JobPreference.swift"; sourceTree = SOURCE_ROOT; };
		6A40F6C329904FF09DBF79C0 /* JobPreferenceView.swift */ = {isa = PBXFileReference; lastKnownFileType = sourcecode.swift; name = "JobPreferenceView.swift"; path = "StartupApp/Views/JobPreferenceView.swift"; sourceTree = SOURCE_ROOT; };
		77B9A7C216B54951AE87DE8A /* SupabaseService.swift */ = {isa = PBXFileReference; lastKnownFileType = sourcecode.swift; name = "SupabaseService.swift"; path = "StartupApp/Managers/SupabaseService.swift"; sourceTree = SOURCE_ROOT; };
		258AD9D9E70743AB83B9C179 /* UserProfile.swift */ = {isa = PBXFileReference; lastKnownFileType = sourcecode.swift; name = "UserProfile.swift"; path = "StartupApp/Models/UserProfile.swift"; sourceTree = SOURCE_ROOT; };
		17447535736E4C118F574ECD /* StartupApp.swift */ = {isa = PBXFileReference; lastKnownFileType = sourcecode.swift; name = StartupApp.swift; path = StartupApp/StartupApp.swift; sourceTree = SOURCE_ROOT; };
		2696D9FE960A4EDCADFFD24D /* ColorExtension.swift */ = {isa = PBXFileReference; lastKnownFileType = sourcecode.swift; name = ColorExtension.swift; path = StartupApp/Resources/ColorExtension.swift; sourceTree = SOURCE_ROOT; };
		35C1EBBA7E4E40AC8B080ACA /* AuthViewModel.swift */ = {isa = PBXFileReference; lastKnownFileType = sourcecode.swift; name = AuthViewModel.swift; path = StartupApp/ViewModels/AuthViewModel.swift; sourceTree = SOURCE_ROOT; };
		43DFF19297154B2F9821ECA5 /* GoogleSignInManager.swift */ = {isa = PBXFileReference; lastKnownFileType = sourcecode.swift; name = GoogleSignInManager.swift; path = StartupApp/Managers/GoogleSignInManager.swift; sourceTree = SOURCE_ROOT; };
		453FAA48E2E149779A53406F /* StartupApp.app */ = {isa = PBXFileReference; explicitFileType = wrapper.application; includeInIndex = 0; path = StartupApp.app; sourceTree = BUILT_PRODUCTS_DIR; };
		6F07E5BD749F427692C16CFE /* OnboardingView.swift */ = {isa = PBXFileReference; lastKnownFileType = sourcecode.swift; name = OnboardingView.swift; path = StartupApp/Views/OnboardingView.swift; sourceTree = SOURCE_ROOT; };
		8C99045837274F2DA9156887 /* ProfileView.swift */ = {isa = PBXFileReference; lastKnownFileType = sourcecode.swift; name = ProfileView.swift; path = StartupApp/Views/ProfileView.swift; sourceTree = SOURCE_ROOT; };
		91FC09F96C30454AB6FE9068 /* Info.plist */ = {isa = PBXFileReference; lastKnownFileType = text.plist.xml; name = Info.plist; path = StartupApp/Info.plist; sourceTree = SOURCE_ROOT; };
		BA3D5120CCC2493A897A7C44 /* ContentView.swift */ = {isa = PBXFileReference; lastKnownFileType = sourcecode.swift; name = ContentView.swift; path = StartupApp/ContentView.swift; sourceTree = SOURCE_ROOT; };
		C8977FD64AE64C93A49D7956 /* SignInView.swift */ = {isa = PBXFileReference; lastKnownFileType = sourcecode.swift; name = SignInView.swift; path = StartupApp/Views/SignInView.swift; sourceTree = SOURCE_ROOT; };
		FD326BCED413411ABD86B0B2 /* MainTabView.swift */ = {isa = PBXFileReference; lastKnownFileType = sourcecode.swift; name = MainTabView.swift; path = StartupApp/Views/MainTabView.swift; sourceTree = SOURCE_ROOT; };
		AA000010 /* Job_swift */ = {isa = PBXFileReference; lastKnownFileType = sourcecode.swift; name = Job.swift; path = StartupApp/Models/Job.swift; sourceTree = SOURCE_ROOT; };
		AA000012 /* SavedJobsStore_swift */ = {isa = PBXFileReference; lastKnownFileType = sourcecode.swift; name = SavedJobsStore.swift; path = StartupApp/Managers/SavedJobsStore.swift; sourceTree = SOURCE_ROOT; };
		AA000020 /* ConnectedPortalsStore_swift */ = {isa = PBXFileReference; lastKnownFileType = sourcecode.swift; name = ConnectedPortalsStore.swift; path = StartupApp/Managers/ConnectedPortalsStore.swift; sourceTree = SOURCE_ROOT; };
		AA000022 /* PortalLoginView_swift */ = {isa = PBXFileReference; lastKnownFileType = sourcecode.swift; name = PortalLoginView.swift; path = StartupApp/Views/PortalLoginView.swift; sourceTree = SOURCE_ROOT; };
		AA000014 /* JobFeedViewModel_swift */ = {isa = PBXFileReference; lastKnownFileType = sourcecode.swift; name = JobFeedViewModel.swift; path = StartupApp/ViewModels/JobFeedViewModel.swift; sourceTree = SOURCE_ROOT; };
		AA000016 /* JobFeedView_swift */ = {isa = PBXFileReference; lastKnownFileType = sourcecode.swift; name = JobFeedView.swift; path = StartupApp/Views/JobFeedView.swift; sourceTree = SOURCE_ROOT; };
				AA000018 /* JobWebView_swift */ = {isa = PBXFileReference; lastKnownFileType = sourcecode.swift; name = JobWebView.swift; path = StartupApp/Views/JobWebView.swift; sourceTree = SOURCE_ROOT; };
		/* End PBXFileReference section */

/* Begin PBXFrameworksBuildPhase section */
		C210A183A8694103B964EF22 /* Frameworks */ = {
			isa = PBXFrameworksBuildPhase;
			buildActionMask = 2147483647;
			files = (
			);
			runOnlyForDeploymentPostprocessing = 0;
		};
/* End PBXFrameworksBuildPhase section */

/* Begin PBXGroup section */
		0119C3E7BB544322A039EC1D /* StartupApp */ = {
			isa = PBXGroup;
			children = (
				17447535736E4C118F574ECD /* StartupApp.swift */,
				BA3D5120CCC2493A897A7C44 /* ContentView.swift */,
				BBB38EF87F1A4A188DC3C37D /* Views */,
				7EC52D5EABF647A9A15E6FDB /* ViewModels */,
				E07C1A1F43234A4F96D56442 /* Resources */,
				91FC09F96C30454AB6FE9068 /* Info.plist */,
			);
			name = StartupApp;
			sourceTree = "<group>";
		};
		24A0659DAD2E46719E067DD9 = {
			isa = PBXGroup;
			children = (
				0119C3E7BB544322A039EC1D /* StartupApp */,
				5DB0D6F4F44243C4B5F5C588 /* Products */,
			);
			sourceTree = "<group>";
		};
		5DB0D6F4F44243C4B5F5C588 /* Products */ = {
			isa = PBXGroup;
			children = (
				453FAA48E2E149779A53406F /* StartupApp.app */,
			);
			name = Products;
			sourceTree = "<group>";
		};
		7EC52D5EABF647A9A15E6FDB /* ViewModels */ = {
			isa = PBXGroup;
			children = (
				35C1EBBA7E4E40AC8B080ACA /* AuthViewModel.swift */,
			);
			name = ViewModels;
			sourceTree = "<group>";
		};
		BBB38EF87F1A4A188DC3C37D /* Views */ = {
			isa = PBXGroup;
			children = (
				6F07E5BD749F427692C16CFE /* OnboardingView.swift */,
				C8977FD64AE64C93A49D7956 /* SignInView.swift */,
				FD326BCED413411ABD86B0B2 /* MainTabView.swift */,
				8C99045837274F2DA9156887 /* ProfileView.swift */,
			);
			name = Views;
			sourceTree = "<group>";
		};
		E07C1A1F43234A4F96D56442 /* Resources */ = {
			isa = PBXGroup;
			children = (
				2696D9FE960A4EDCADFFD24D /* ColorExtension.swift */,
				43DFF19297154B2F9821ECA5 /* GoogleSignInManager.swift */,
				77B9A7C216B54951AE87DE8A /* SupabaseService.swift */,
			);
			name = Resources;
			sourceTree = "<group>";
		};
/* End PBXGroup section */

/* Begin PBXNativeTarget section */
		BCDE0F50AE2E4F4196A0F71D /* StartupApp */ = {
			isa = PBXNativeTarget;
			buildConfigurationList = 61DCDCE1AE7147D697E6F617 /* Build configuration list for PBXNativeTarget "StartupApp" */;
			buildPhases = (
				2D33BA52273548128551D1A9 /* Sources */,
				C210A183A8694103B964EF22 /* Frameworks */,
				930A4B1322F948A582CCFBB4 /* Resources */,
			);
			buildRules = (
			);
			dependencies = (
			);
			name = StartupApp;
			packageProductDependencies = (
			);
			productName = StartupApp;
			productType = "com.apple.product-type.application";
		};
/* End PBXNativeTarget section */

/* Begin PBXProject section */
		3800AC0A402245B8816F94CC /* Project object */ = {
			isa = PBXProject;
			attributes = {
				BuildIndependentTargetsInParallel = 1;
				LastSwiftUpdateCheck = 1600;
				LastUpgradeCheck = 1600;
				TargetAttributes = {
					BCDE0F50AE2E4F4196A0F71D = {
						CreatedOnToolsVersion = 16.0;
					};
				};
			};
			buildConfigurationList = AD57F8CD251144F6BB721EF0 /* Build configuration list for PBXProject "StartupApp" */;
			compatibilityVersion = "Xcode 14.0";
			developmentRegion = en;
			hasScannedForEncodings = 0;
			knownRegions = (
				en,
				Base,
			);
			mainGroup = 24A0659DAD2E46719E067DD9;
			productRefGroup = 5DB0D6F4F44243C4B5F5C588 /* Products */;
			projectDirPath = "";
			projectRoot = "";
			targets = (
				BCDE0F50AE2E4F4196A0F71D /* StartupApp */,
			);
		};
/* End PBXProject section */

/* Begin PBXResourcesBuildPhase section */
		930A4B1322F948A582CCFBB4 /* Resources */ = {
			isa = PBXResourcesBuildPhase;
			buildActionMask = 2147483647;
			files = (
			);
			runOnlyForDeploymentPostprocessing = 0;
		};
/* End PBXResourcesBuildPhase section */

/* Begin PBXSourcesBuildPhase section */
		2D33BA52273548128551D1A9 /* Sources */ = {
			isa = PBXSourcesBuildPhase;
			buildActionMask = 2147483647;
			files = (
				BAD136C1CDC1491B876C1584 /* StartupApp.swift in Sources */,
				8A619B73EDA044A18977A8A0 /* ContentView.swift in Sources */,
				069ECA5D75D04633935CC7E6 /* AuthViewModel.swift in Sources */,
				905CEA12017C42B889C5C195 /* OnboardingView.swift in Sources */,
				8E49345F19BB471DA4E82314 /* SignInView.swift in Sources */,
				53813F4F6B634161A6B14BFE /* MainTabView.swift in Sources */,
				DDD47DEFE149401AA4AA3285 /* ProfileView.swift in Sources */,
				A857C92BB3C4470AA8C77B3E /* ColorExtension.swift in Sources */,
				4EDC762E517C440380116D54 /* GoogleSignInManager.swift in Sources */,
							990E4AF5731847A6AE69986B /* UserProfile.swift in Sources */,
				1074C0B7783A4B299489224A /* SupabaseService.swift in Sources */,
				8B8FD69992974F80A7E430D3 /* JobPreferenceView.swift in Sources */,
				F4E085095D874B0AAA71D3DE /* JobPreference.swift in Sources */,
				AA000011 /* Job.swift in Sources */,
				AA000013 /* SavedJobsStore.swift in Sources */,
							AA000021 /* ConnectedPortalsStore.swift in Sources */,
							AA000023 /* PortalLoginView.swift in Sources */,
				AA000015 /* JobFeedViewModel.swift in Sources */,
				AA000017 /* JobFeedView.swift in Sources */,
				AA000019 /* JobWebView.swift in Sources */,
);
			runOnlyForDeploymentPostprocessing = 0;
		};
/* End PBXSourcesBuildPhase section */

/* Begin XCBuildConfiguration section */
		2D89E81BF93F482786434F91 /* Release */ = {
			isa = XCBuildConfiguration;
			buildSettings = {
				ALWAYS_SEARCH_USER_PATHS = NO;
				ASSETCATALOG_COMPILER_GENERATE_SWIFT_ASSET_SYMBOL_EXTENSIONS = YES;
				CLANG_ANALYZER_NONNULL = YES;
				CLANG_ANALYZER_NUMBER_OBJECT_CONVERSION = YES_AGGRESSIVE;
				CLANG_CXX_LANGUAGE_STANDARD = "gnu++20";
				CLANG_ENABLE_MODULES = YES;
				CLANG_ENABLE_OBJC_ARC = YES;
				CLANG_ENABLE_OBJC_WEAK = YES;
				CLANG_WARN_BLOCK_CAPTURE_AUTORELEASING = YES;
				CLANG_WARN_BOOL_CONVERSION = YES;
				CLANG_WARN_COMMA = YES;
				CLANG_WARN_CONSTANT_CONVERSION = YES;
				CLANG_WARN_DEPRECATED_OBJC_IMPLEMENTATIONS = YES;
				CLANG_WARN_DIRECT_OBJC_ISA_USAGE = YES_ERROR;
				CLANG_WARN_DOCUMENTATION_COMMENTS = YES;
				CLANG_WARN_EMPTY_BODY = YES;
				CLANG_WARN_ENUM_CONVERSION = YES;
				CLANG_WARN_INFINITE_RECURSION = YES;
				CLANG_WARN_INT_CONVERSION = YES;
				CLANG_WARN_NON_LITERAL_NULL_CONVERSION = YES;
				CLANG_WARN_OBJC_IMPLICIT_RETAIN_SELF = YES;
				CLANG_WARN_OBJC_LITERAL_CONVERSION = YES;
				CLANG_WARN_OBJC_ROOT_CLASS = YES_ERROR;
				CLANG_WARN_QUOTED_INCLUDE_IN_FRAMEWORK_HEADER = YES;
				CLANG_WARN_RANGE_LOOP_ANALYSIS = YES;
				CLANG_WARN_STRICT_PROTOTYPES = YES;
				CLANG_WARN_SUSPICIOUS_MOVE = YES;
				CLANG_WARN_UNGUARDED_AVAILABILITY = YES_AGGRESSIVE;
				CLANG_WARN_UNREACHABLE_CODE = YES;
				CLANG_WARN__DUPLICATE_METHOD_MATCH = YES;
				COPY_PHASE_STRIP = YES;
				DEBUG_INFORMATION_FORMAT = "dwarf-with-dsym";
				ENABLE_NS_ASSERTIONS = NO;
				ENABLE_STRICT_OBJC_MSGSEND = YES;
				ENABLE_TESTABILITY = YES;
				GCC_C_LANGUAGE_STANDARD = gnu17;
				GCC_NO_COMMON_BLOCKS = YES;
				GCC_WARN_64_TO_32_BIT_CONVERSION = YES;
				GCC_WARN_ABOUT_RETURN_TYPE = YES_ERROR;
				GCC_WARN_UNDECLARED_SELECTOR = YES;
				GCC_WARN_UNINITIALIZED_AUTOS = YES_AGGRESSIVE;
				GCC_WARN_UNUSED_FUNCTION = YES;
				GCC_WARN_UNUSED_VARIABLE = YES;
				IPHONEOS_DEPLOYMENT_TARGET = 17.0;
				LOCALIZATION_PREFERS_STRING_CATALOGS = YES;
				MTL_ENABLE_DEBUG_INFO = NO;
				MTL_FAST_MATH = YES;
				ONLY_ACTIVE_ARCH = YES;
				SDKROOT = iphoneos;
				SWIFT_ACTIVE_COMPILATION_CONDITIONS = "";
				SWIFT_OPTIMIZATION_LEVEL = "-Owholemodule";
				VALIDATE_PRODUCT = YES;
			};
			name = Release;
		};
		A54F6B1231384DF09AC3E664 /* Release */ = {
			isa = XCBuildConfiguration;
			buildSettings = {
				ASSETCATALOG_COMPILER_APPICON_NAME = AppIcon;
				ASSETCATALOG_COMPILER_GLOBAL_ACCENT_COLOR_NAME = AccentColor;
				ASSETCATALOG_COMPILER_INCLUDE_ALL_APPICON_ASSETS = YES;
				CODE_SIGN_STYLE = Automatic;
				CURRENT_PROJECT_VERSION = 1;
				DEVELOPMENT_ASSET_PATHS = "";
				DEVELOPMENT_TEAM = L6J25K3F49;
				ENABLE_PREVIEWS = YES;
				GENERATE_INFOPLIST_FILE = NO;
				INFOPLIST_FILE = StartupApp/Info.plist;
				IPHONEOS_DEPLOYMENT_TARGET = 26.0;
				LD_RUNPATH_SEARCH_PATHS = (
					"$(inherited)",
					"@executable_path/Frameworks",
				);
				MARKETING_VERSION = 1.0;
				PRODUCT_BUNDLE_IDENTIFIER = com.rahulgandhi.startupapp;
				PRODUCT_NAME = "$(TARGET_NAME)";
				SWIFT_EMIT_LOC_STRINGS = YES;
				SWIFT_VERSION = 5.0;
				TARGETED_DEVICE_FAMILY = "1,2";
			};
			name = Release;
		};
		CF6C3579DFAF470B82A9AD18 /* Debug */ = {
			isa = XCBuildConfiguration;
			buildSettings = {
				ASSETCATALOG_COMPILER_APPICON_NAME = AppIcon;
				ASSETCATALOG_COMPILER_GLOBAL_ACCENT_COLOR_NAME = AccentColor;
				ASSETCATALOG_COMPILER_INCLUDE_ALL_APPICON_ASSETS = YES;
				CODE_SIGN_STYLE = Automatic;
				CURRENT_PROJECT_VERSION = 1;
				DEVELOPMENT_ASSET_PATHS = "";
				DEVELOPMENT_TEAM = L6J25K3F49;
				ENABLE_PREVIEWS = YES;
				GENERATE_INFOPLIST_FILE = NO;
				INFOPLIST_FILE = StartupApp/Info.plist;
				IPHONEOS_DEPLOYMENT_TARGET = 26.0;
				LD_RUNPATH_SEARCH_PATHS = (
					"$(inherited)",
					"@executable_path/Frameworks",
				);
				MARKETING_VERSION = 1.0;
				PRODUCT_BUNDLE_IDENTIFIER = com.rahulgandhi.startupapp;
				PRODUCT_NAME = "$(TARGET_NAME)";
				SWIFT_EMIT_LOC_STRINGS = YES;
				SWIFT_VERSION = 5.0;
				TARGETED_DEVICE_FAMILY = "1,2";
			};
			name = Debug;
		};
		E1AA460EFFF5435ABF7B9ED0 /* Debug */ = {
			isa = XCBuildConfiguration;
			buildSettings = {
				ALWAYS_SEARCH_USER_PATHS = NO;
				ASSETCATALOG_COMPILER_GENERATE_SWIFT_ASSET_SYMBOL_EXTENSIONS = YES;
				CLANG_ANALYZER_NONNULL = YES;
				CLANG_ANALYZER_NUMBER_OBJECT_CONVERSION = YES_AGGRESSIVE;
				CLANG_CXX_LANGUAGE_STANDARD = "gnu++20";
				CLANG_ENABLE_MODULES = YES;
				CLANG_ENABLE_OBJC_ARC = YES;
				CLANG_ENABLE_OBJC_WEAK = YES;
				CLANG_WARN_BLOCK_CAPTURE_AUTORELEASING = YES;
				CLANG_WARN_BOOL_CONVERSION = YES;
				CLANG_WARN_COMMA = YES;
				CLANG_WARN_CONSTANT_CONVERSION = YES;
				CLANG_WARN_DEPRECATED_OBJC_IMPLEMENTATIONS = YES;
				CLANG_WARN_DIRECT_OBJC_ISA_USAGE = YES_ERROR;
				CLANG_WARN_DOCUMENTATION_COMMENTS = YES;
				CLANG_WARN_EMPTY_BODY = YES;
				CLANG_WARN_ENUM_CONVERSION = YES;
				CLANG_WARN_INFINITE_RECURSION = YES;
				CLANG_WARN_INT_CONVERSION = YES;
				CLANG_WARN_NON_LITERAL_NULL_CONVERSION = YES;
				CLANG_WARN_OBJC_IMPLICIT_RETAIN_SELF = YES;
				CLANG_WARN_OBJC_LITERAL_CONVERSION = YES;
				CLANG_WARN_OBJC_ROOT_CLASS = YES_ERROR;
				CLANG_WARN_QUOTED_INCLUDE_IN_FRAMEWORK_HEADER = YES;
				CLANG_WARN_RANGE_LOOP_ANALYSIS = YES;
				CLANG_WARN_STRICT_PROTOTYPES = YES;
				CLANG_WARN_SUSPICIOUS_MOVE = YES;
				CLANG_WARN_UNGUARDED_AVAILABILITY = YES_AGGRESSIVE;
				CLANG_WARN_UNREACHABLE_CODE = YES;
				CLANG_WARN__DUPLICATE_METHOD_MATCH = YES;
				COPY_PHASE_STRIP = NO;
				DEBUG_INFORMATION_FORMAT = "dwarf-with-dsym";
				ENABLE_STRICT_OBJC_MSGSEND = YES;
				ENABLE_TESTABILITY = YES;
				GCC_C_LANGUAGE_STANDARD = gnu17;
				GCC_NO_COMMON_BLOCKS = YES;
				GCC_WARN_64_TO_32_BIT_CONVERSION = YES;
				GCC_WARN_ABOUT_RETURN_TYPE = YES_ERROR;
				GCC_WARN_UNDECLARED_SELECTOR = YES;
				GCC_WARN_UNINITIALIZED_AUTOS = YES_AGGRESSIVE;
				GCC_WARN_UNUSED_FUNCTION = YES;
				GCC_WARN_UNUSED_VARIABLE = YES;
				IPHONEOS_DEPLOYMENT_TARGET = 17.0;
				LOCALIZATION_PREFERS_STRING_CATALOGS = YES;
				MTL_ENABLE_DEBUG_INFO = INCLUDE_SOURCE;
				MTL_FAST_MATH = YES;
				ONLY_ACTIVE_ARCH = YES;
				SDKROOT = iphoneos;
				SWIFT_ACTIVE_COMPILATION_CONDITIONS = "DEBUG AI";
				SWIFT_OPTIMIZATION_LEVEL = "-Onone";
			};
			name = Debug;
		};
/* End XCBuildConfiguration section */

/* Begin XCConfigurationList section */
		61DCDCE1AE7147D697E6F617 /* Build configuration list for PBXNativeTarget "StartupApp" */ = {
			isa = XCConfigurationList;
			buildConfigurations = (
				CF6C3579DFAF470B82A9AD18 /* Debug */,
				A54F6B1231384DF09AC3E664 /* Release */,
			);
			defaultConfigurationIsVisible = 0;
			defaultConfigurationName = Release;
		};
		AD57F8CD251144F6BB721EF0 /* Build configuration list for PBXProject "StartupApp" */ = {
			isa = XCConfigurationList;
			buildConfigurations = (
				E1AA460EFFF5435ABF7B9ED0 /* Debug */,
				2D89E81BF93F482786434F91 /* Release */,
			);
			defaultConfigurationIsVisible = 0;
			defaultConfigurationName = Release;
		};
/* End XCConfigurationList section */
	};
	rootObject = 3800AC0A402245B8816F94CC /* Project object */;
}
